
Microsoft Visual Studio Solution File, Format Version 12.00
# Visual Studio 2013
VisualStudioVersion = 12.0.31101.0
MinimumVisualStudioVersion = 10.0.40219.1
Project("{FAE04EC0-301F-11D3-BF4B-00C04F79EFBC}") = "North49", "North49\North49.csproj", "{36690B16-CB3E-4E89-8B94-47C96F9F9ECD}"
EndProject
Global
	GlobalSection(SolutionConfigurationPlatforms) = preSolution
		Debug|Any CPU = Debug|Any CPU
		Release|Any CPU = Release|Any CPU
	EndGlobalSection
	GlobalSection(ProjectConfigurationPlatforms) = postSolution
		{36690B16-CB3E-4E89-8B94-47C96F9F9ECD}.Debug|Any CPU.ActiveCfg = Debug|Any CPU
		{36690B16-CB3E-4E89-8B94-47C96F9F9ECD}.Debug|Any CPU.Build.0 = Debug|Any CPU
		{36690B16-CB3E-4E89-8B94-47C96F9F9ECD}.Release|Any CPU.ActiveCfg = Release|Any CPU
		{36690B16-CB3E-4E89-8B94-47C96F9F9ECD}.Release|Any CPU.Build.0 = Release|Any CPU
	EndGlobalSection
	GlobalSection(SolutionProperties) = preSolution
		HideSolutionNode = FALSE
	EndGlobalSection
EndGlobal
